
Microsoft Visual Studio Solution File, Format Version 12.00
# Visual Studio Version 17
VisualStudioVersion = 17.10.34928.147
MinimumVisualStudioVersion = 10.0.40219.1
Project("{9092AA53-FB77-4645-B42D-1CCCA6BD08BD}") = "HomePage", "HomePage.njsproj", "{FFD6E358-455B-446B-8725-FF14DEAB306A}"
EndProject
Global
	GlobalSection(SolutionConfigurationPlatforms) = preSolution
		Debug|Any CPU = Debug|Any CPU
		Release|Any CPU = Release|Any CPU
	EndGlobalSection
	GlobalSection(ProjectConfigurationPlatforms) = postSolution
		{FFD6E358-455B-446B-8725-FF14DEAB306A}.Debug|Any CPU.ActiveCfg = Debug|Any CPU
		{FFD6E358-455B-446B-8725-FF14DEAB306A}.Debug|Any CPU.Build.0 = Debug|Any CPU
		{FFD6E358-455B-446B-8725-FF14DEAB306A}.Release|Any CPU.ActiveCfg = Release|Any CPU
		{FFD6E358-455B-446B-8725-FF14DEAB306A}.Release|Any CPU.Build.0 = Release|Any CPU
	EndGlobalSection
	GlobalSection(SolutionProperties) = preSolution
		HideSolutionNode = FALSE
	EndGlobalSection
	GlobalSection(ExtensibilityGlobals) = postSolution
		SolutionGuid = {CECB3963-D749-4D86-B530-B3045AEACB3C}
	EndGlobalSection
EndGlobal
